
Microsoft Visual Studio Solution File, Format Version 12.00
# Visual Studio 2012
Project("{FAE04EC0-301F-11D3-BF4B-00C04F79EFBC}") = "SuperFeed", "SuperFeed\SuperFeed.csproj", "{941485F1-0AC1-494A-A1AA-E76057C92C51}"
EndProject
Project("{FAE04EC0-301F-11D3-BF4B-00C04F79EFBC}") = "SuperFeedConsole", "SuperFeedConsole\SuperFeedConsole.csproj", "{1BC93065-DE14-42E6-B853-6038FA6FDB42}"
EndProject
Global
	GlobalSection(SolutionConfigurationPlatforms) = preSolution
		Debug|Any CPU = Debug|Any CPU
		Release|Any CPU = Release|Any CPU
	EndGlobalSection
	GlobalSection(ProjectConfigurationPlatforms) = postSolution
		{941485F1-0AC1-494A-A1AA-E76057C92C51}.Debug|Any CPU.ActiveCfg = Debug|Any CPU
		{941485F1-0AC1-494A-A1AA-E76057C92C51}.Debug|Any CPU.Build.0 = Debug|Any CPU
		{941485F1-0AC1-494A-A1AA-E76057C92C51}.Release|Any CPU.ActiveCfg = Release|Any CPU
		{941485F1-0AC1-494A-A1AA-E76057C92C51}.Release|Any CPU.Build.0 = Release|Any CPU
		{1BC93065-DE14-42E6-B853-6038FA6FDB42}.Debug|Any CPU.ActiveCfg = Debug|Any CPU
		{1BC93065-DE14-42E6-B853-6038FA6FDB42}.Debug|Any CPU.Build.0 = Debug|Any CPU
		{1BC93065-DE14-42E6-B853-6038FA6FDB42}.Release|Any CPU.ActiveCfg = Release|Any CPU
		{1BC93065-DE14-42E6-B853-6038FA6FDB42}.Release|Any CPU.Build.0 = Release|Any CPU
	EndGlobalSection
	GlobalSection(SolutionProperties) = preSolution
		HideSolutionNode = FALSE
	EndGlobalSection
EndGlobal
